
Microsoft Visual Studio Solution File, Format Version 12.00
# Visual Studio 15
VisualStudioVersion = 15.0.34112.143
MinimumVisualStudioVersion = 10.0.40219.1
Project("{FAE04EC0-301F-11D3-BF4B-00C04F79EFBC}") = "WebBanHang(Lam lai)", "WebBanHang\WebBanHang(Lam lai).csproj", "{BF3F642E-4F7D-46C0-B747-4EE6CBAE20FA}"
EndProject
Project("{FAE04EC0-301F-11D3-BF4B-00C04F79EFBC}") = "DAO", "DAO\DAO.csproj", "{E4302484-86D7-4986-B10A-5A82970B39DF}"
EndProject
Project("{FAE04EC0-301F-11D3-BF4B-00C04F79EFBC}") = "DTO", "DTO\DTO.csproj", "{E4BAFFC1-715E-4722-AF37-AF88D3517478}"
EndProject
Global
	GlobalSection(SolutionConfigurationPlatforms) = preSolution
		Debug|Any CPU = Debug|Any CPU
		Release|Any CPU = Release|Any CPU
	EndGlobalSection
	GlobalSection(ProjectConfigurationPlatforms) = postSolution
		{BF3F642E-4F7D-46C0-B747-4EE6CBAE20FA}.Debug|Any CPU.ActiveCfg = Debug|Any CPU
		{BF3F642E-4F7D-46C0-B747-4EE6CBAE20FA}.Debug|Any CPU.Build.0 = Debug|Any CPU
		{BF3F642E-4F7D-46C0-B747-4EE6CBAE20FA}.Release|Any CPU.ActiveCfg = Release|Any CPU
		{BF3F642E-4F7D-46C0-B747-4EE6CBAE20FA}.Release|Any CPU.Build.0 = Release|Any CPU
		{E4302484-86D7-4986-B10A-5A82970B39DF}.Debug|Any CPU.ActiveCfg = Debug|Any CPU
		{E4302484-86D7-4986-B10A-5A82970B39DF}.Debug|Any CPU.Build.0 = Debug|Any CPU
		{E4302484-86D7-4986-B10A-5A82970B39DF}.Release|Any CPU.ActiveCfg = Release|Any CPU
		{E4302484-86D7-4986-B10A-5A82970B39DF}.Release|Any CPU.Build.0 = Release|Any CPU
		{E4BAFFC1-715E-4722-AF37-AF88D3517478}.Debug|Any CPU.ActiveCfg = Debug|Any CPU
		{E4BAFFC1-715E-4722-AF37-AF88D3517478}.Debug|Any CPU.Build.0 = Debug|Any CPU
		{E4BAFFC1-715E-4722-AF37-AF88D3517478}.Release|Any CPU.ActiveCfg = Release|Any CPU
		{E4BAFFC1-715E-4722-AF37-AF88D3517478}.Release|Any CPU.Build.0 = Release|Any CPU
	EndGlobalSection
	GlobalSection(SolutionProperties) = preSolution
		HideSolutionNode = FALSE
	EndGlobalSection
	GlobalSection(ExtensibilityGlobals) = postSolution
		SolutionGuid = {7F298B59-E584-440C-9CBD-CEB477ABBF3B}
	EndGlobalSection
EndGlobal
